
Microsoft Visual Studio Solution File, Format Version 12.00
# Visual Studio Version 17
VisualStudioVersion = 17.4.33205.214
MinimumVisualStudioVersion = 10.0.40219.1
Project("{9A19103F-16F7-4668-BE54-9A1E7A4F7556}") = "Fundamentos", "Fundamentos\Fundamentos.csproj", "{68931A92-0A58-4EF1-96BE-45042D284856}"
EndProject
Project("{9A19103F-16F7-4668-BE54-9A1E7A4F7556}") = "WindowsFormsExemplos", "WindowsFormsExemplos\WindowsFormsExemplos.csproj", "{36C01767-9A9E-4570-83A1-8337CEBE5097}"
EndProject
Project("{FAE04EC0-301F-11D3-BF4B-00C04F79EFBC}") = "ProWayModelos", "ProWayModelos\ProWayModelos.csproj", "{7A9F06B8-D44F-42BE-B6B2-D826B49E68C4}"
EndProject
Global
	GlobalSection(SolutionConfigurationPlatforms) = preSolution
		Debug|Any CPU = Debug|Any CPU
		Release|Any CPU = Release|Any CPU
	EndGlobalSection
	GlobalSection(ProjectConfigurationPlatforms) = postSolution
		{68931A92-0A58-4EF1-96BE-45042D284856}.Debug|Any CPU.ActiveCfg = Debug|Any CPU
		{68931A92-0A58-4EF1-96BE-45042D284856}.Debug|Any CPU.Build.0 = Debug|Any CPU
		{68931A92-0A58-4EF1-96BE-45042D284856}.Release|Any CPU.ActiveCfg = Release|Any CPU
		{68931A92-0A58-4EF1-96BE-45042D284856}.Release|Any CPU.Build.0 = Release|Any CPU
		{36C01767-9A9E-4570-83A1-8337CEBE5097}.Debug|Any CPU.ActiveCfg = Debug|Any CPU
		{36C01767-9A9E-4570-83A1-8337CEBE5097}.Debug|Any CPU.Build.0 = Debug|Any CPU
		{36C01767-9A9E-4570-83A1-8337CEBE5097}.Release|Any CPU.ActiveCfg = Release|Any CPU
		{36C01767-9A9E-4570-83A1-8337CEBE5097}.Release|Any CPU.Build.0 = Release|Any CPU
		{7A9F06B8-D44F-42BE-B6B2-D826B49E68C4}.Debug|Any CPU.ActiveCfg = Debug|Any CPU
		{7A9F06B8-D44F-42BE-B6B2-D826B49E68C4}.Debug|Any CPU.Build.0 = Debug|Any CPU
		{7A9F06B8-D44F-42BE-B6B2-D826B49E68C4}.Release|Any CPU.ActiveCfg = Release|Any CPU
		{7A9F06B8-D44F-42BE-B6B2-D826B49E68C4}.Release|Any CPU.Build.0 = Release|Any CPU
	EndGlobalSection
	GlobalSection(SolutionProperties) = preSolution
		HideSolutionNode = FALSE
	EndGlobalSection
	GlobalSection(ExtensibilityGlobals) = postSolution
		SolutionGuid = {231EA360-19EF-401B-B5C5-F79717E36E65}
	EndGlobalSection
EndGlobal
